<Solution>
  <Folder Name="/backend/" />
  <Folder Name="/backend/src/" />
  <Folder Name="/backend/src/Bootstrapper/">
    <Project Path="backend/src/Bootstrapper/Healthcare.Api/Healthcare.Api.csproj" />
  </Folder>
  <Folder Name="/frontend/" />
  <Folder Name="/docker/" />
  <Folder Name="/docs/" />
</Solution>
